
Microsoft Visual Studio Solution File, Format Version 12.00
# Visual Studio Version 16
VisualStudioVersion = 16.0.29519.87
MinimumVisualStudioVersion = 10.0.40219.1
Project("{9A19103F-16F7-4668-BE54-9A1E7A4F7556}") = "WebApi", "WebApi\WebApi.csproj", "{40B8DFF8-1620-4674-B079-CDB12073594E}"
EndProject
Project("{2150E333-8FDC-42A3-9474-1A3956D46DE8}") = "Src", "Src", "{560BDDAD-2325-49B4-BB54-EC7BFDBFE687}"
EndProject
Project("{2150E333-8FDC-42A3-9474-1A3956D46DE8}") = "Core", "Core", "{5B2EFE2A-4632-423F-8B78-6DA77E75D76E}"
EndProject
Project("{2150E333-8FDC-42A3-9474-1A3956D46DE8}") = "Infrastructure", "Infrastructure", "{77509D4C-C180-4259-86AC-2E990FB16BD3}"
EndProject
Project("{2150E333-8FDC-42A3-9474-1A3956D46DE8}") = "Presentation", "Presentation", "{585C88C7-62C5-41A0-A432-5435C6811B81}"
EndProject
Project("{9A19103F-16F7-4668-BE54-9A1E7A4F7556}") = "Application", "Application\Application.csproj", "{13AFC1A4-2648-4625-A50C-CA55F869566F}"
EndProject
Project("{9A19103F-16F7-4668-BE54-9A1E7A4F7556}") = "Domain", "Domain\Domain.csproj", "{684C09A9-309E-4B9B-9861-E40D2C53DA5C}"
EndProject
Project("{9A19103F-16F7-4668-BE54-9A1E7A4F7556}") = "Infrastracture", "Infrastracture\Infrastracture.csproj", "{8CBC193E-C8AD-4C0A-A27F-E0C79C4918B1}"
EndProject
Project("{9A19103F-16F7-4668-BE54-9A1E7A4F7556}") = "Persistence", "Persistence\Persistence.csproj", "{EF58B824-1A99-4118-A31C-21A256D4D644}"
EndProject
Project("{FAE04EC0-301F-11D3-BF4B-00C04F79EFBC}") = "WpfClient", "WpfClient\WpfClient.csproj", "{96625C78-9FE4-49B5-9B4F-EA68A5ED838D}"
EndProject
Project("{2150E333-8FDC-42A3-9474-1A3956D46DE8}") = "Client", "Client", "{82CC2D9E-443C-4197-8748-53FC48BBEE8B}"
EndProject
Project("{FAE04EC0-301F-11D3-BF4B-00C04F79EFBC}") = "Library", "Library\Library.csproj", "{E62D4707-390D-405B-809C-DE0DB92B590A}"
EndProject
Global
	GlobalSection(SolutionConfigurationPlatforms) = preSolution
		Debug|Any CPU = Debug|Any CPU
		Release|Any CPU = Release|Any CPU
	EndGlobalSection
	GlobalSection(ProjectConfigurationPlatforms) = postSolution
		{40B8DFF8-1620-4674-B079-CDB12073594E}.Debug|Any CPU.ActiveCfg = Debug|Any CPU
		{40B8DFF8-1620-4674-B079-CDB12073594E}.Debug|Any CPU.Build.0 = Debug|Any CPU
		{40B8DFF8-1620-4674-B079-CDB12073594E}.Release|Any CPU.ActiveCfg = Release|Any CPU
		{40B8DFF8-1620-4674-B079-CDB12073594E}.Release|Any CPU.Build.0 = Release|Any CPU
		{13AFC1A4-2648-4625-A50C-CA55F869566F}.Debug|Any CPU.ActiveCfg = Debug|Any CPU
		{13AFC1A4-2648-4625-A50C-CA55F869566F}.Debug|Any CPU.Build.0 = Debug|Any CPU
		{13AFC1A4-2648-4625-A50C-CA55F869566F}.Release|Any CPU.ActiveCfg = Release|Any CPU
		{13AFC1A4-2648-4625-A50C-CA55F869566F}.Release|Any CPU.Build.0 = Release|Any CPU
		{684C09A9-309E-4B9B-9861-E40D2C53DA5C}.Debug|Any CPU.ActiveCfg = Debug|Any CPU
		{684C09A9-309E-4B9B-9861-E40D2C53DA5C}.Debug|Any CPU.Build.0 = Debug|Any CPU
		{684C09A9-309E-4B9B-9861-E40D2C53DA5C}.Release|Any CPU.ActiveCfg = Release|Any CPU
		{684C09A9-309E-4B9B-9861-E40D2C53DA5C}.Release|Any CPU.Build.0 = Release|Any CPU
		{8CBC193E-C8AD-4C0A-A27F-E0C79C4918B1}.Debug|Any CPU.ActiveCfg = Debug|Any CPU
		{8CBC193E-C8AD-4C0A-A27F-E0C79C4918B1}.Debug|Any CPU.Build.0 = Debug|Any CPU
		{8CBC193E-C8AD-4C0A-A27F-E0C79C4918B1}.Release|Any CPU.ActiveCfg = Release|Any CPU
		{8CBC193E-C8AD-4C0A-A27F-E0C79C4918B1}.Release|Any CPU.Build.0 = Release|Any CPU
		{EF58B824-1A99-4118-A31C-21A256D4D644}.Debug|Any CPU.ActiveCfg = Debug|Any CPU
		{EF58B824-1A99-4118-A31C-21A256D4D644}.Debug|Any CPU.Build.0 = Debug|Any CPU
		{EF58B824-1A99-4118-A31C-21A256D4D644}.Release|Any CPU.ActiveCfg = Release|Any CPU
		{EF58B824-1A99-4118-A31C-21A256D4D644}.Release|Any CPU.Build.0 = Release|Any CPU
		{96625C78-9FE4-49B5-9B4F-EA68A5ED838D}.Debug|Any CPU.ActiveCfg = Debug|Any CPU
		{96625C78-9FE4-49B5-9B4F-EA68A5ED838D}.Debug|Any CPU.Build.0 = Debug|Any CPU
		{96625C78-9FE4-49B5-9B4F-EA68A5ED838D}.Release|Any CPU.ActiveCfg = Release|Any CPU
		{96625C78-9FE4-49B5-9B4F-EA68A5ED838D}.Release|Any CPU.Build.0 = Release|Any CPU
		{E62D4707-390D-405B-809C-DE0DB92B590A}.Debug|Any CPU.ActiveCfg = Debug|Any CPU
		{E62D4707-390D-405B-809C-DE0DB92B590A}.Debug|Any CPU.Build.0 = Debug|Any CPU
		{E62D4707-390D-405B-809C-DE0DB92B590A}.Release|Any CPU.ActiveCfg = Release|Any CPU
		{E62D4707-390D-405B-809C-DE0DB92B590A}.Release|Any CPU.Build.0 = Release|Any CPU
	EndGlobalSection
	GlobalSection(SolutionProperties) = preSolution
		HideSolutionNode = FALSE
	EndGlobalSection
	GlobalSection(NestedProjects) = preSolution
		{40B8DFF8-1620-4674-B079-CDB12073594E} = {585C88C7-62C5-41A0-A432-5435C6811B81}
		{5B2EFE2A-4632-423F-8B78-6DA77E75D76E} = {560BDDAD-2325-49B4-BB54-EC7BFDBFE687}
		{77509D4C-C180-4259-86AC-2E990FB16BD3} = {560BDDAD-2325-49B4-BB54-EC7BFDBFE687}
		{585C88C7-62C5-41A0-A432-5435C6811B81} = {560BDDAD-2325-49B4-BB54-EC7BFDBFE687}
		{13AFC1A4-2648-4625-A50C-CA55F869566F} = {5B2EFE2A-4632-423F-8B78-6DA77E75D76E}
		{684C09A9-309E-4B9B-9861-E40D2C53DA5C} = {5B2EFE2A-4632-423F-8B78-6DA77E75D76E}
		{8CBC193E-C8AD-4C0A-A27F-E0C79C4918B1} = {77509D4C-C180-4259-86AC-2E990FB16BD3}
		{EF58B824-1A99-4118-A31C-21A256D4D644} = {77509D4C-C180-4259-86AC-2E990FB16BD3}
		{96625C78-9FE4-49B5-9B4F-EA68A5ED838D} = {82CC2D9E-443C-4197-8748-53FC48BBEE8B}
		{82CC2D9E-443C-4197-8748-53FC48BBEE8B} = {585C88C7-62C5-41A0-A432-5435C6811B81}
		{E62D4707-390D-405B-809C-DE0DB92B590A} = {82CC2D9E-443C-4197-8748-53FC48BBEE8B}
	EndGlobalSection
	GlobalSection(ExtensibilityGlobals) = postSolution
		SolutionGuid = {49D1F0D5-1921-40FA-8E06-C87089ECE412}
	EndGlobalSection
EndGlobal
